// !$*UTF8*$!
{
	archiveVersion = 1;
	classes = {
	};
	objectVersion = 46;
	objects = {

/* Begin PBXBuildFile section */
		043F1A451ADCB651004A7157 /* AppDelegate.swift in Sources */ = {isa = PBXBuildFile; fileRef = 043F1A441ADCB651004A7157 /* AppDelegate.swift */; };
		043F1A471ADCB651004A7157 /* ViewController.swift in Sources */ = {isa = PBXBuildFile; fileRef = 043F1A461ADCB651004A7157 /* ViewController.swift */; };
		043F1A4A1ADCB651004A7157 /* Main.storyboard in Resources */ = {isa = PBXBuildFile; fileRef = 043F1A481ADCB651004A7157 /* Main.storyboard */; };
		043F1A4C1ADCB651004A7157 /* Images.xcassets in Resources */ = {isa = PBXBuildFile; fileRef = 043F1A4B1ADCB651004A7157 /* Images.xcassets */; };
		043F1A4F1ADCB651004A7157 /* LaunchScreen.xib in Resources */ = {isa = PBXBuildFile; fileRef = 043F1A4D1ADCB651004A7157 /* LaunchScreen.xib */; };
		043F1A5B1ADCB651004A7157 /* TipCalculatorTests.swift in Sources */ = {isa = PBXBuildFile; fileRef = 043F1A5A1ADCB651004A7157 /* TipCalculatorTests.swift */; };
/* End PBXBuildFile section */

/* Begin PBXContainerItemProxy section */
		043F1A551ADCB651004A7157 /* PBXContainerItemProxy */ = {
			isa = PBXContainerItemProxy;
			containerPortal = 043F1A371ADCB651004A7157 /* Project object */;
			proxyType = 1;
			remoteGlobalIDString = 043F1A3E1ADCB651004A7157;
			remoteInfo = TipCalculator;
		};
/* End PBXContainerItemProxy section */

/* Begin PBXFileReference section */
		043F1A3F1ADCB651004A7157 /* TipCalculator.app */ = {isa = PBXFileReference; explicitFileType = wrapper.application; includeInIndex = 0; path = TipCalculator.app; sourceTree = BUILT_PRODUCTS_DIR; };
		043F1A431ADCB651004A7157 /* Info.plist */ = {isa = PBXFileReference; lastKnownFileType = text.plist.xml; path = Info.plist; sourceTree = "<group>"; };
		043F1A441ADCB651004A7157 /* AppDelegate.swift */ = {isa = PBXFileReference; lastKnownFileType = sourcecode.swift; path = AppDelegate.swift; sourceTree = "<group>"; };
		043F1A461ADCB651004A7157 /* ViewController.swift */ = {isa = PBXFileReference; lastKnownFileType = sourcecode.swift; path = ViewController.swift; sourceTree = "<group>"; };
		043F1A491ADCB651004A7157 /* Base */ = {isa = PBXFileReference; lastKnownFileType = file.storyboard; name = Base; path = Base.lproj/Main.storyboard; sourceTree = "<group>"; };
		043F1A4B1ADCB651004A7157 /* Images.xcassets */ = {isa = PBXFileReference; lastKnownFileType = folder.assetcatalog; path = Images.xcassets; sourceTree = "<group>"; };
		043F1A4E1ADCB651004A7157 /* Base */ = {isa = PBXFileReference; lastKnownFileType = file.xib; name = Base; path = Base.lproj/LaunchScreen.xib; sourceTree = "<group>"; };
		043F1A541ADCB651004A7157 /* TipCalculatorTests.xctest */ = {isa = PBXFileReference; explicitFileType = wrapper.cfbundle; includeInIndex = 0; path = TipCalculatorTests.xctest; sourceTree = BUILT_PRODUCTS_DIR; };
		043F1A591ADCB651004A7157 /* Info.plist */ = {isa = PBXFileReference; lastKnownFileType = text.plist.xml; path = Info.plist; sourceTree = "<group>"; };
		043F1A5A1ADCB651004A7157 /* TipCalculatorTests.swift */ = {isa = PBXFileReference; lastKnownFileType = sourcecode.swift; path = TipCalculatorTests.swift; sourceTree = "<group>"; };
/* End PBXFileReference section */

/* Begin PBXFrameworksBuildPhase section */
		043F1A3C1ADCB651004A7157 /* Frameworks */ = {
			isa = PBXFrameworksBuildPhase;
			buildActionMask = 2147483647;
			files = (
			);
			runOnlyForDeploymentPostprocessing = 0;
		};
		043F1A511ADCB651004A7157 /* Frameworks */ = {
			isa = PBXFrameworksBuildPhase;
			buildActionMask = 2147483647;
			files = (
			);
			runOnlyForDeploymentPostprocessing = 0;
		};
/* End PBXFrameworksBuildPhase section */

/* Begin PBXGroup section */
		043F1A361ADCB651004A7157 = {
			isa = PBXGroup;
			children = (
				043F1A411ADCB651004A7157 /* TipCalculator */,
				043F1A571ADCB651004A7157 /* TipCalculatorTests */,
				043F1A401ADCB651004A7157 /* Products */,
			);
			sourceTree = "<group>";
		};
		043F1A401ADCB651004A7157 /* Products */ = {
			isa = PBXGroup;
			children = (
				043F1A3F1ADCB651004A7157 /* TipCalculator.app */,
				043F1A541ADCB651004A7157 /* TipCalculatorTests.xctest */,
			);
			name = Products;
			sourceTree = "<group>";
		};
		043F1A411ADCB651004A7157 /* TipCalculator */ = {
			isa = PBXGroup;
			children = (
				043F1A441ADCB651004A7157 /* AppDelegate.swift */,
				043F1A461ADCB651004A7157 /* ViewController.swift */,
				043F1A481ADCB651004A7157 /* Main.storyboard */,
				043F1A4B1ADCB651004A7157 /* Images.xcassets */,
				043F1A4D1ADCB651004A7157 /* LaunchScreen.xib */,
				043F1A421ADCB651004A7157 /* Supporting Files */,
			);
			path = TipCalculator;
			sourceTree = "<group>";
		};
		043F1A421ADCB651004A7157 /* Supporting Files */ = {
			isa = PBXGroup;
			children = (
				043F1A431ADCB651004A7157 /* Info.plist */,
			);
			name = "Supporting Files";
			sourceTree = "<group>";
		};
		043F1A571ADCB651004A7157 /* TipCalculatorTests */ = {
			isa = PBXGroup;
			children = (
				043F1A5A1ADCB651004A7157 /* TipCalculatorTests.swift */,
				043F1A581ADCB651004A7157 /* Supporting Files */,
			);
			path = TipCalculatorTests;
			sourceTree = "<group>";
		};
		043F1A581ADCB651004A7157 /* Supporting Files */ = {
			isa = PBXGroup;
			children = (
				043F1A591ADCB651004A7157 /* Info.plist */,
			);
			name = "Supporting Files";
			sourceTree = "<group>";
		};
/* End PBXGroup section */

/* Begin PBXNativeTarget section */
		043F1A3E1ADCB651004A7157 /* TipCalculator */ = {
			isa = PBXNativeTarget;
			buildConfigurationList = 043F1A5E1ADCB651004A7157 /* Build configuration list for PBXNativeTarget "TipCalculator" */;
			buildPhases = (
				043F1A3B1ADCB651004A7157 /* Sources */,
				043F1A3C1ADCB651004A7157 /* Frameworks */,
				043F1A3D1ADCB651004A7157 /* Resources */,
			);
			buildRules = (
			);
			dependencies = (
			);
			name = TipCalculator;
			productName = TipCalculator;
			productReference = 043F1A3F1ADCB651004A7157 /* TipCalculator.app */;
			productType = "com.apple.product-type.application";
		};
		043F1A531ADCB651004A7157 /* TipCalculatorTests */ = {
			isa = PBXNativeTarget;
			buildConfigurationList = 043F1A611ADCB651004A7157 /* Build configuration list for PBXNativeTarget "TipCalculatorTests" */;
			buildPhases = (
				043F1A501ADCB651004A7157 /* Sources */,
				043F1A511ADCB651004A7157 /* Frameworks */,
				043F1A521ADCB651004A7157 /* Resources */,
			);
			buildRules = (
			);
			dependencies = (
				043F1A561ADCB651004A7157 /* PBXTargetDependency */,
			);
			name = TipCalculatorTests;
			productName = TipCalculatorTests;
			productReference = 043F1A541ADCB651004A7157 /* TipCalculatorTests.xctest */;
			productType = "com.apple.product-type.bundle.unit-test";
		};
/* End PBXNativeTarget section */

/* Begin PBXProject section */
		043F1A371ADCB651004A7157 /* Project object */ = {
			isa = PBXProject;
			attributes = {
				LastUpgradeCheck = 0630;
				ORGANIZATIONNAME = Jaya;
				TargetAttributes = {
					043F1A3E1ADCB651004A7157 = {
						CreatedOnToolsVersion = 6.3;
					};
					043F1A531ADCB651004A7157 = {
						CreatedOnToolsVersion = 6.3;
						TestTargetID = 043F1A3E1ADCB651004A7157;
					};
				};
			};
			buildConfigurationList = 043F1A3A1ADCB651004A7157 /* Build configuration list for PBXProject "TipCalculator" */;
			compatibilityVersion = "Xcode 3.2";
			developmentRegion = English;
			hasScannedForEncodings = 0;
			knownRegions = (
				en,
				Base,
			);
			mainGroup = 043F1A361ADCB651004A7157;
			productRefGroup = 043F1A401ADCB651004A7157 /* Products */;
			projectDirPath = "";
			projectRoot = "";
			targets = (
				043F1A3E1ADCB651004A7157 /* TipCalculator */,
				043F1A531ADCB651004A7157 /* TipCalculatorTests */,
			);
		};
/* End PBXProject section */

/* Begin PBXResourcesBuildPhase section */
		043F1A3D1ADCB651004A7157 /* Resources */ = {
			isa = PBXResourcesBuildPhase;
			buildActionMask = 2147483647;
			files = (
				043F1A4A1ADCB651004A7157 /* Main.storyboard in Resources */,
				043F1A4F1ADCB651004A7157 /* LaunchScreen.xib in Resources */,
				043F1A4C1ADCB651004A7157 /* Images.xcassets in Resources */,
			);
			runOnlyForDeploymentPostprocessing = 0;
		};
		043F1A521ADCB651004A7157 /* Resources */ = {
			isa = PBXResourcesBuildPhase;
			buildActionMask = 2147483647;
			files = (
			);
			runOnlyForDeploymentPostprocessing = 0;
		};
/* End PBXResourcesBuildPhase section */

/* Begin PBXSourcesBuildPhase section */
		043F1A3B1ADCB651004A7157 /* Sources */ = {
			isa = PBXSourcesBuildPhase;
			buildActionMask = 2147483647;
			files = (
				043F1A471ADCB651004A7157 /* ViewController.swift in Sources */,
				043F1A451ADCB651004A7157 /* AppDelegate.swift in Sources */,
			);
			runOnlyForDeploymentPostprocessing = 0;
		};
		043F1A501ADCB651004A7157 /* Sources */ = {
			isa = PBXSourcesBuildPhase;
			buildActionMask = 2147483647;
			files = (
				043F1A5B1ADCB651004A7157 /* TipCalculatorTests.swift in Sources */,
			);
			runOnlyForDeploymentPostprocessing = 0;
		};
/* End PBXSourcesBuildPhase section */

/* Begin PBXTargetDependency section */
		043F1A561ADCB651004A7157 /* PBXTargetDependency */ = {
			isa = PBXTargetDependency;
			target = 043F1A3E1ADCB651004A7157 /* TipCalculator */;
			targetProxy = 043F1A551ADCB651004A7157 /* PBXContainerItemProxy */;
		};
/* End PBXTargetDependency section */

/* Begin PBXVariantGroup section */
		043F1A481ADCB651004A7157 /* Main.storyboard */ = {
			isa = PBXVariantGroup;
			children = (
				043F1A491ADCB651004A7157 /* Base */,
			);
			name = Main.storyboard;
			sourceTree = "<group>";
		};
		043F1A4D1ADCB651004A7157 /* LaunchScreen.xib */ = {
			isa = PBXVariantGroup;
			children = (
				043F1A4E1ADCB651004A7157 /* Base */,
			);
			name = LaunchScreen.xib;
			sourceTree = "<group>";
		};
/* End PBXVariantGroup section */

/* Begin XCBuildConfiguration section */
		043F1A5C1ADCB651004A7157 /* Debug */ = {
			isa = XCBuildConfiguration;
			buildSettings = {
				ALWAYS_SEARCH_USER_PATHS = NO;
				CLANG_CXX_LANGUAGE_STANDARD = "gnu++0x";
				CLANG_CXX_LIBRARY = "libc++";
				CLANG_ENABLE_MODULES = YES;
				CLANG_ENABLE_OBJC_ARC = YES;
				CLANG_WARN_BOOL_CONVERSION = YES;
				CLANG_WARN_CONSTANT_CONVERSION = YES;
				CLANG_WARN_DIRECT_OBJC_ISA_USAGE = YES_ERROR;
				CLANG_WARN_EMPTY_BODY = YES;
				CLANG_WARN_ENUM_CONVERSION = YES;
				CLANG_WARN_INT_CONVERSION = YES;
				CLANG_WARN_OBJC_ROOT_CLASS = YES_ERROR;
				CLANG_WARN_UNREACHABLE_CODE = YES;
				CLANG_WARN__DUPLICATE_METHOD_MATCH = YES;
				"CODE_SIGN_IDENTITY[sdk=iphoneos*]" = "iPhone Developer";
				COPY_PHASE_STRIP = NO;
				DEBUG_INFORMATION_FORMAT = "dwarf-with-dsym";
				ENABLE_STRICT_OBJC_MSGSEND = YES;
				GCC_C_LANGUAGE_STANDARD = gnu99;
				GCC_DYNAMIC_NO_PIC = NO;
				GCC_NO_COMMON_BLOCKS = YES;
				GCC_OPTIMIZATION_LEVEL = 0;
				GCC_PREPROCESSOR_DEFINITIONS = (
					"DEBUG=1",
					"$(inherited)",
				);
				GCC_SYMBOLS_PRIVATE_EXTERN = NO;
				GCC_WARN_64_TO_32_BIT_CONVERSION = YES;
				GCC_WARN_ABOUT_RETURN_TYPE = YES_ERROR;
				GCC_WARN_UNDECLARED_SELECTOR = YES;
				GCC_WARN_UNINITIALIZED_AUTOS = YES_AGGRESSIVE;
				GCC_WARN_UNUSED_FUNCTION = YES;
				GCC_WARN_UNUSED_VARIABLE = YES;
				IPHONEOS_DEPLOYMENT_TARGET = 8.3;
				MTL_ENABLE_DEBUG_INFO = YES;
				ONLY_ACTIVE_ARCH = YES;
				SDKROOT = iphoneos;
				SWIFT_OPTIMIZATION_LEVEL = "-Onone";
				TARGETED_DEVICE_FAMILY = "1,2";
			};
			name = Debug;
		};
		043F1A5D1ADCB651004A7157 /* Release */ = {
			isa = XCBuildConfiguration;
			buildSettings = {
				ALWAYS_SEARCH_USER_PATHS = NO;
				CLANG_CXX_LANGUAGE_STANDARD = "gnu++0x";
				CLANG_CXX_LIBRARY = "libc++";
				CLANG_ENABLE_MODULES = YES;
				CLANG_ENABLE_OBJC_ARC = YES;
				CLANG_WARN_BOOL_CONVERSION = YES;
				CLANG_WARN_CONSTANT_CONVERSION = YES;
				CLANG_WARN_DIRECT_OBJC_ISA_USAGE = YES_ERROR;
				CLANG_WARN_EMPTY_BODY = YES;
				CLANG_WARN_ENUM_CONVERSION = YES;
				CLANG_WARN_INT_CONVERSION = YES;
				CLANG_WARN_OBJC_ROOT_CLASS = YES_ERROR;
				CLANG_WARN_UNREACHABLE_CODE = YES;
				CLANG_WARN__DUPLICATE_METHOD_MATCH = YES;
				"CODE_SIGN_IDENTITY[sdk=iphoneos*]" = "iPhone Developer";
				COPY_PHASE_STRIP = NO;
				DEBUG_INFORMATION_FORMAT = "dwarf-with-dsym";
				ENABLE_NS_ASSERTIONS = NO;
				ENABLE_STRICT_OBJC_MSGSEND = YES;
				GCC_C_LANGUAGE_STANDARD = gnu99;
				GCC_NO_COMMON_BLOCKS = YES;
				GCC_WARN_64_TO_32_BIT_CONVERSION = YES;
				GCC_WARN_ABOUT_RETURN_TYPE = YES_ERROR;
				GCC_WARN_UNDECLARED_SELECTOR = YES;
				GCC_WARN_UNINITIALIZED_AUTOS = YES_AGGRESSIVE;
				GCC_WARN_UNUSED_FUNCTION = YES;
				GCC_WARN_UNUSED_VARIABLE = YES;
				IPHONEOS_DEPLOYMENT_TARGET = 8.3;
				MTL_ENABLE_DEBUG_INFO = NO;
				SDKROOT = iphoneos;
				TARGETED_DEVICE_FAMILY = "1,2";
				VALIDATE_PRODUCT = YES;
			};
			name = Release;
		};
		043F1A5F1ADCB651004A7157 /* Debug */ = {
			isa = XCBuildConfiguration;
			buildSettings = {
				ASSETCATALOG_COMPILER_APPICON_NAME = AppIcon;
				INFOPLIST_FILE = TipCalculator/Info.plist;
				LD_RUNPATH_SEARCH_PATHS = "$(inherited) @executable_path/Frameworks";
				PRODUCT_NAME = "$(TARGET_NAME)";
			};
			name = Debug;
		};
		043F1A601ADCB651004A7157 /* Release */ = {
			isa = XCBuildConfiguration;
			buildSettings = {
				ASSETCATALOG_COMPILER_APPICON_NAME = AppIcon;
				INFOPLIST_FILE = TipCalculator/Info.plist;
				LD_RUNPATH_SEARCH_PATHS = "$(inherited) @executable_path/Frameworks";
				PRODUCT_NAME = "$(TARGET_NAME)";
			};
			name = Release;
		};
		043F1A621ADCB651004A7157 /* Debug */ = {
			isa = XCBuildConfiguration;
			buildSettings = {
				BUNDLE_LOADER = "$(TEST_HOST)";
				FRAMEWORK_SEARCH_PATHS = (
					"$(SDKROOT)/Developer/Library/Frameworks",
					"$(inherited)",
				);
				GCC_PREPROCESSOR_DEFINITIONS = (
					"DEBUG=1",
					"$(inherited)",
				);
				INFOPLIST_FILE = TipCalculatorTests/Info.plist;
				LD_RUNPATH_SEARCH_PATHS = "$(inherited) @executable_path/Frameworks @loader_path/Frameworks";
				PRODUCT_NAME = "$(TARGET_NAME)";
				TEST_HOST = "$(BUILT_PRODUCTS_DIR)/TipCalculator.app/TipCalculator";
			};
			name = Debug;
		};
		043F1A631ADCB651004A7157 /* Release */ = {
			isa = XCBuildConfiguration;
			buildSettings = {
				BUNDLE_LOADER = "$(TEST_HOST)";
				FRAMEWORK_SEARCH_PATHS = (
					"$(SDKROOT)/Developer/Library/Frameworks",
					"$(inherited)",
				);
				INFOPLIST_FILE = TipCalculatorTests/Info.plist;
				LD_RUNPATH_SEARCH_PATHS = "$(inherited) @executable_path/Frameworks @loader_path/Frameworks";
				PRODUCT_NAME = "$(TARGET_NAME)";
				TEST_HOST = "$(BUILT_PRODUCTS_DIR)/TipCalculator.app/TipCalculator";
			};
			name = Release;
		};
/* End XCBuildConfiguration section */

/* Begin XCConfigurationList section */
		043F1A3A1ADCB651004A7157 /* Build configuration list for PBXProject "TipCalculator" */ = {
			isa = XCConfigurationList;
			buildConfigurations = (
				043F1A5C1ADCB651004A7157 /* Debug */,
				043F1A5D1ADCB651004A7157 /* Release */,
			);
			defaultConfigurationIsVisible = 0;
			defaultConfigurationName = Release;
		};
		043F1A5E1ADCB651004A7157 /* Build configuration list for PBXNativeTarget "TipCalculator" */ = {
			isa = XCConfigurationList;
			buildConfigurations = (
				043F1A5F1ADCB651004A7157 /* Debug */,
				043F1A601ADCB651004A7157 /* Release */,
			);
			defaultConfigurationIsVisible = 0;
		};
		043F1A611ADCB651004A7157 /* Build configuration list for PBXNativeTarget "TipCalculatorTests" */ = {
			isa = XCConfigurationList;
			buildConfigurations = (
				043F1A621ADCB651004A7157 /* Debug */,
				043F1A631ADCB651004A7157 /* Release */,
			);
			defaultConfigurationIsVisible = 0;
		};
/* End XCConfigurationList section */
	};
	rootObject = 043F1A371ADCB651004A7157 /* Project object */;
}
